// !$*UTF8*$!
{
	archiveVersion = 1;
	classes = {
	};
	objectVersion = 46;
	objects = {

/* Begin PBXBuildFile section */
		65E69EF31D9A879800260FFF /* AppDelegate.swift in Sources */ = {isa = PBXBuildFile; fileRef = 65E69EF21D9A879800260FFF /* AppDelegate.swift */; };
		65E69EF51D9A879800260FFF /* ViewController.swift in Sources */ = {isa = PBXBuildFile; fileRef = 65E69EF41D9A879800260FFF /* ViewController.swift */; };
		65E69EF81D9A879800260FFF /* Main.storyboard in Resources */ = {isa = PBXBuildFile; fileRef = 65E69EF61D9A879800260FFF /* Main.storyboard */; };
		65E69EFA1D9A879800260FFF /* Assets.xcassets in Resources */ = {isa = PBXBuildFile; fileRef = 65E69EF91D9A879800260FFF /* Assets.xcassets */; };
		65E69EFD1D9A879800260FFF /* LaunchScreen.storyboard in Resources */ = {isa = PBXBuildFile; fileRef = 65E69EFB1D9A879800260FFF /* LaunchScreen.storyboard */; };
/* End PBXBuildFile section */

/* Begin PBXFileReference section */
		65E69EEF1D9A879700260FFF /* ForUp.app */ = {isa = PBXFileReference; explicitFileType = wrapper.application; includeInIndex = 0; path = ForUp.app; sourceTree = BUILT_PRODUCTS_DIR; };
		65E69EF21D9A879800260FFF /* AppDelegate.swift */ = {isa = PBXFileReference; lastKnownFileType = sourcecode.swift; path = AppDelegate.swift; sourceTree = "<group>"; };
		65E69EF41D9A879800260FFF /* ViewController.swift */ = {isa = PBXFileReference; lastKnownFileType = sourcecode.swift; path = ViewController.swift; sourceTree = "<group>"; };
		65E69EF71D9A879800260FFF /* Base */ = {isa = PBXFileReference; lastKnownFileType = file.storyboard; name = Base; path = Base.lproj/Main.storyboard; sourceTree = "<group>"; };
		65E69EF91D9A879800260FFF /* Assets.xcassets */ = {isa = PBXFileReference; lastKnownFileType = folder.assetcatalog; path = Assets.xcassets; sourceTree = "<group>"; };
		65E69EFC1D9A879800260FFF /* Base */ = {isa = PBXFileReference; lastKnownFileType = file.storyboard; name = Base; path = Base.lproj/LaunchScreen.storyboard; sourceTree = "<group>"; };
		65E69EFE1D9A879800260FFF /* Info.plist */ = {isa = PBXFileReference; lastKnownFileType = text.plist.xml; path = Info.plist; sourceTree = "<group>"; };
/* End PBXFileReference section */

/* Begin PBXFrameworksBuildPhase section */
		65E69EEC1D9A879700260FFF /* Frameworks */ = {
			isa = PBXFrameworksBuildPhase;
			buildActionMask = 2147483647;
			files = (
			);
			runOnlyForDeploymentPostprocessing = 0;
		};
/* End PBXFrameworksBuildPhase section */

/* Begin PBXGroup section */
		65E69EE61D9A879700260FFF = {
			isa = PBXGroup;
			children = (
				65E69EF11D9A879700260FFF /* ForUp */,
				65E69EF01D9A879700260FFF /* Products */,
			);
			sourceTree = "<group>";
		};
		65E69EF01D9A879700260FFF /* Products */ = {
			isa = PBXGroup;
			children = (
				65E69EEF1D9A879700260FFF /* ForUp.app */,
			);
			name = Products;
			sourceTree = "<group>";
		};
		65E69EF11D9A879700260FFF /* ForUp */ = {
			isa = PBXGroup;
			children = (
				65E69EF21D9A879800260FFF /* AppDelegate.swift */,
				65E69EF41D9A879800260FFF /* ViewController.swift */,
				65E69EF61D9A879800260FFF /* Main.storyboard */,
				65E69EF91D9A879800260FFF /* Assets.xcassets */,
				65E69EFB1D9A879800260FFF /* LaunchScreen.storyboard */,
				65E69EFE1D9A879800260FFF /* Info.plist */,
			);
			path = ForUp;
			sourceTree = "<group>";
		};
/* End PBXGroup section */

/* Begin PBXNativeTarget section */
		65E69EEE1D9A879700260FFF /* ForUp */ = {
			isa = PBXNativeTarget;
			buildConfigurationList = 65E69F011D9A879800260FFF /* Build configuration list for PBXNativeTarget "ForUp" */;
			buildPhases = (
				65E69EEB1D9A879700260FFF /* Sources */,
				65E69EEC1D9A879700260FFF /* Frameworks */,
				65E69EED1D9A879700260FFF /* Resources */,
			);
			buildRules = (
			);
			dependencies = (
			);
			name = ForUp;
			productName = ForUp;
			productReference = 65E69EEF1D9A879700260FFF /* ForUp.app */;
			productType = "com.apple.product-type.application";
		};
/* End PBXNativeTarget section */

/* Begin PBXProject section */
		65E69EE71D9A879700260FFF /* Project object */ = {
			isa = PBXProject;
			attributes = {
				LastSwiftUpdateCheck = 0800;
				LastUpgradeCheck = 0800;
				ORGANIZATIONNAME = "Vitalik Maksymlyuk";
				TargetAttributes = {
					65E69EEE1D9A879700260FFF = {
						CreatedOnToolsVersion = 8.0;
						ProvisioningStyle = Automatic;
					};
				};
			};
			buildConfigurationList = 65E69EEA1D9A879700260FFF /* Build configuration list for PBXProject "ForUp" */;
			compatibilityVersion = "Xcode 3.2";
			developmentRegion = English;
			hasScannedForEncodings = 0;
			knownRegions = (
				en,
				Base,
			);
			mainGroup = 65E69EE61D9A879700260FFF;
			productRefGroup = 65E69EF01D9A879700260FFF /* Products */;
			projectDirPath = "";
			projectRoot = "";
			targets = (
				65E69EEE1D9A879700260FFF /* ForUp */,
			);
		};
/* End PBXProject section */

/* Begin PBXResourcesBuildPhase section */
		65E69EED1D9A879700260FFF /* Resources */ = {
			isa = PBXResourcesBuildPhase;
			buildActionMask = 2147483647;
			files = (
				65E69EFD1D9A879800260FFF /* LaunchScreen.storyboard in Resources */,
				65E69EFA1D9A879800260FFF /* Assets.xcassets in Resources */,
				65E69EF81D9A879800260FFF /* Main.storyboard in Resources */,
			);
			runOnlyForDeploymentPostprocessing = 0;
		};
/* End PBXResourcesBuildPhase section */

/* Begin PBXSourcesBuildPhase section */
		65E69EEB1D9A879700260FFF /* Sources */ = {
			isa = PBXSourcesBuildPhase;
			buildActionMask = 2147483647;
			files = (
				65E69EF51D9A879800260FFF /* ViewController.swift in Sources */,
				65E69EF31D9A879800260FFF /* AppDelegate.swift in Sources */,
			);
			runOnlyForDeploymentPostprocessing = 0;
		};
/* End PBXSourcesBuildPhase section */

/* Begin PBXVariantGroup section */
		65E69EF61D9A879800260FFF /* Main.storyboard */ = {
			isa = PBXVariantGroup;
			children = (
				65E69EF71D9A879800260FFF /* Base */,
			);
			name = Main.storyboard;
			sourceTree = "<group>";
		};
		65E69EFB1D9A879800260FFF /* LaunchScreen.storyboard */ = {
			isa = PBXVariantGroup;
			children = (
				65E69EFC1D9A879800260FFF /* Base */,
			);
			name = LaunchScreen.storyboard;
			sourceTree = "<group>";
		};
/* End PBXVariantGroup section */

/* Begin XCBuildConfiguration section */
		65E69EFF1D9A879800260FFF /* Debug */ = {
			isa = XCBuildConfiguration;
			buildSettings = {
				ALWAYS_SEARCH_USER_PATHS = NO;
				CLANG_ANALYZER_NONNULL = YES;
				CLANG_CXX_LANGUAGE_STANDARD = "gnu++0x";
				CLANG_CXX_LIBRARY = "libc++";
				CLANG_ENABLE_MODULES = YES;
				CLANG_ENABLE_OBJC_ARC = YES;
				CLANG_WARN_BOOL_CONVERSION = YES;
				CLANG_WARN_CONSTANT_CONVERSION = YES;
				CLANG_WARN_DIRECT_OBJC_ISA_USAGE = YES_ERROR;
				CLANG_WARN_DOCUMENTATION_COMMENTS = YES;
				CLANG_WARN_EMPTY_BODY = YES;
				CLANG_WARN_ENUM_CONVERSION = YES;
				CLANG_WARN_INFINITE_RECURSION = YES;
				CLANG_WARN_INT_CONVERSION = YES;
				CLANG_WARN_OBJC_ROOT_CLASS = YES_ERROR;
				CLANG_WARN_SUSPICIOUS_MOVES = YES;
				CLANG_WARN_UNREACHABLE_CODE = YES;
				CLANG_WARN__DUPLICATE_METHOD_MATCH = YES;
				"CODE_SIGN_IDENTITY[sdk=iphoneos*]" = "iPhone Developer";
				COPY_PHASE_STRIP = NO;
				DEBUG_INFORMATION_FORMAT = dwarf;
				ENABLE_STRICT_OBJC_MSGSEND = YES;
				ENABLE_TESTABILITY = YES;
				GCC_C_LANGUAGE_STANDARD = gnu99;
				GCC_DYNAMIC_NO_PIC = NO;
				GCC_NO_COMMON_BLOCKS = YES;
				GCC_OPTIMIZATION_LEVEL = 0;
				GCC_PREPROCESSOR_DEFINITIONS = (
					"DEBUG=1",
					"$(inherited)",
				);
				GCC_WARN_64_TO_32_BIT_CONVERSION = YES;
				GCC_WARN_ABOUT_RETURN_TYPE = YES_ERROR;
				GCC_WARN_UNDECLARED_SELECTOR = YES;
				GCC_WARN_UNINITIALIZED_AUTOS = YES_AGGRESSIVE;
				GCC_WARN_UNUSED_FUNCTION = YES;
				GCC_WARN_UNUSED_VARIABLE = YES;
				IPHONEOS_DEPLOYMENT_TARGET = 10.0;
				MTL_ENABLE_DEBUG_INFO = YES;
				ONLY_ACTIVE_ARCH = YES;
				SDKROOT = iphoneos;
				SWIFT_ACTIVE_COMPILATION_CONDITIONS = DEBUG;
				SWIFT_OPTIMIZATION_LEVEL = "-Onone";
			};
			name = Debug;
		};
		65E69F001D9A879800260FFF /* Release */ = {
			isa = XCBuildConfiguration;
			buildSettings = {
				ALWAYS_SEARCH_USER_PATHS = NO;
				CLANG_ANALYZER_NONNULL = YES;
				CLANG_CXX_LANGUAGE_STANDARD = "gnu++0x";
				CLANG_CXX_LIBRARY = "libc++";
				CLANG_ENABLE_MODULES = YES;
				CLANG_ENABLE_OBJC_ARC = YES;
				CLANG_WARN_BOOL_CONVERSION = YES;
				CLANG_WARN_CONSTANT_CONVERSION = YES;
				CLANG_WARN_DIRECT_OBJC_ISA_USAGE = YES_ERROR;
				CLANG_WARN_DOCUMENTATION_COMMENTS = YES;
				CLANG_WARN_EMPTY_BODY = YES;
				CLANG_WARN_ENUM_CONVERSION = YES;
				CLANG_WARN_INFINITE_RECURSION = YES;
				CLANG_WARN_INT_CONVERSION = YES;
				CLANG_WARN_OBJC_ROOT_CLASS = YES_ERROR;
				CLANG_WARN_SUSPICIOUS_MOVES = YES;
				CLANG_WARN_UNREACHABLE_CODE = YES;
				CLANG_WARN__DUPLICATE_METHOD_MATCH = YES;
				"CODE_SIGN_IDENTITY[sdk=iphoneos*]" = "iPhone Developer";
				COPY_PHASE_STRIP = NO;
				DEBUG_INFORMATION_FORMAT = "dwarf-with-dsym";
				ENABLE_NS_ASSERTIONS = NO;
				ENABLE_STRICT_OBJC_MSGSEND = YES;
				GCC_C_LANGUAGE_STANDARD = gnu99;
				GCC_NO_COMMON_BLOCKS = YES;
				GCC_WARN_64_TO_32_BIT_CONVERSION = YES;
				GCC_WARN_ABOUT_RETURN_TYPE = YES_ERROR;
				GCC_WARN_UNDECLARED_SELECTOR = YES;
				GCC_WARN_UNINITIALIZED_AUTOS = YES_AGGRESSIVE;
				GCC_WARN_UNUSED_FUNCTION = YES;
				GCC_WARN_UNUSED_VARIABLE = YES;
				IPHONEOS_DEPLOYMENT_TARGET = 10.0;
				MTL_ENABLE_DEBUG_INFO = NO;
				SDKROOT = iphoneos;
				SWIFT_OPTIMIZATION_LEVEL = "-Owholemodule";
				VALIDATE_PRODUCT = YES;
			};
			name = Release;
		};
		65E69F021D9A879800260FFF /* Debug */ = {
			isa = XCBuildConfiguration;
			buildSettings = {
				ASSETCATALOG_COMPILER_APPICON_NAME = AppIcon;
				DEVELOPMENT_TEAM = "";
				INFOPLIST_FILE = ForUp/Info.plist;
				LD_RUNPATH_SEARCH_PATHS = "$(inherited) @executable_path/Frameworks";
				PRODUCT_BUNDLE_IDENTIFIER = "com.Vitalik-Maksymlyuk.ForUp";
				PRODUCT_NAME = "$(TARGET_NAME)";
				SWIFT_VERSION = 3.0;
			};
			name = Debug;
		};
		65E69F031D9A879800260FFF /* Release */ = {
			isa = XCBuildConfiguration;
			buildSettings = {
				ASSETCATALOG_COMPILER_APPICON_NAME = AppIcon;
				DEVELOPMENT_TEAM = "";
				INFOPLIST_FILE = ForUp/Info.plist;
				LD_RUNPATH_SEARCH_PATHS = "$(inherited) @executable_path/Frameworks";
				PRODUCT_BUNDLE_IDENTIFIER = "com.Vitalik-Maksymlyuk.ForUp";
				PRODUCT_NAME = "$(TARGET_NAME)";
				SWIFT_VERSION = 3.0;
			};
			name = Release;
		};
/* End XCBuildConfiguration section */

/* Begin XCConfigurationList section */
		65E69EEA1D9A879700260FFF /* Build configuration list for PBXProject "ForUp" */ = {
			isa = XCConfigurationList;
			buildConfigurations = (
				65E69EFF1D9A879800260FFF /* Debug */,
				65E69F001D9A879800260FFF /* Release */,
			);
			defaultConfigurationIsVisible = 0;
			defaultConfigurationName = Release;
		};
		65E69F011D9A879800260FFF /* Build configuration list for PBXNativeTarget "ForUp" */ = {
			isa = XCConfigurationList;
			buildConfigurations = (
				65E69F021D9A879800260FFF /* Debug */,
				65E69F031D9A879800260FFF /* Release */,
			);
			defaultConfigurationIsVisible = 0;
		};
/* End XCConfigurationList section */
	};
	rootObject = 65E69EE71D9A879700260FFF /* Project object */;
}
